
Microsoft Visual Studio Solution File, Format Version 12.00
# Visual Studio Version 17
VisualStudioVersion = 17.13.35806.99 d17.13
MinimumVisualStudioVersion = 10.0.40219.1
Project("{888888A0-9F3D-457C-B088-3A5042F75D52}") = "CountReverseandSortLists", "CountReverseandSortLists\CountReverseandSortLists.pyproj", "{94F1343B-E64C-4C87-8F79-78B7E50104AB}"
EndProject
Global
	GlobalSection(SolutionConfigurationPlatforms) = preSolution
		Debug|Any CPU = Debug|Any CPU
		Release|Any CPU = Release|Any CPU
	EndGlobalSection
	GlobalSection(ProjectConfigurationPlatforms) = postSolution
		{94F1343B-E64C-4C87-8F79-78B7E50104AB}.Debug|Any CPU.ActiveCfg = Debug|Any CPU
		{94F1343B-E64C-4C87-8F79-78B7E50104AB}.Release|Any CPU.ActiveCfg = Release|Any CPU
	EndGlobalSection
	GlobalSection(SolutionProperties) = preSolution
		HideSolutionNode = FALSE
	EndGlobalSection
	GlobalSection(ExtensibilityGlobals) = postSolution
		SolutionGuid = {3DCD719D-8B23-4BAF-8872-6E6B23AA6803}
	EndGlobalSection
EndGlobal
